{
  "lockfileVersion": 1,
  "workspaces": {
    "": {
      "name": "n8n-node-jigsawstack",
      "devDependencies": {
        "@typescript-eslint/parser": "~8.32.0",
        "eslint": "^8.57.0",
        "eslint-plugin-n8n-nodes-base": "^1.16.3",
        "gulp": "^5.0.0",
        "prettier": "^3.5.3",
        "typescript": "~5.3.3",
      },
      "peerDependencies": {
        "n8n-workflow": "*",
      },
    },
  },
  "packages": {
    "@eslint-community/eslint-utils": ["@eslint-community/eslint-utils@4.7.0", "", { "dependencies": { "eslint-visitor-keys": "^3.4.3" }, "peerDependencies": { "eslint": "^6.0.0 || ^7.0.0 || >=8.0.0" } }, ""],

    "@eslint-community/regexpp": ["@eslint-community/regexpp@4.12.1", "", {}, ""],

    "@eslint/eslintrc": ["@eslint/eslintrc@2.1.4", "", { "dependencies": { "ajv": "^6.12.4", "debug": "^4.3.2", "espree": "^9.6.0", "globals": "^13.19.0", "ignore": "^5.2.0", "import-fresh": "^3.2.1", "js-yaml": "^4.1.0", "minimatch": "^3.1.2", "strip-json-comments": "^3.1.1" } }, ""],

    "@eslint/js": ["@eslint/js@8.57.1", "", {}, ""],

    "@gulpjs/messages": ["@gulpjs/messages@1.1.0", "", {}, ""],

    "@gulpjs/to-absolute-glob": ["@gulpjs/to-absolute-glob@4.0.0", "", { "dependencies": { "is-negated-glob": "^1.0.0" } }, ""],

    "@humanwhocodes/config-array": ["@humanwhocodes/config-array@0.13.0", "", { "dependencies": { "@humanwhocodes/object-schema": "^2.0.3", "debug": "^4.3.1", "minimatch": "^3.0.5" } }, ""],

    "@humanwhocodes/module-importer": ["@humanwhocodes/module-importer@1.0.1", "", {}, ""],

    "@humanwhocodes/object-schema": ["@humanwhocodes/object-schema@2.0.3", "", {}, ""],

    "@n8n/tournament": ["@n8n/tournament@1.0.6", "", { "dependencies": { "@n8n_io/riot-tmpl": "^4.0.1", "ast-types": "^0.16.1", "esprima-next": "^5.8.4", "recast": "^0.22.0" } }, ""],

    "@n8n_io/riot-tmpl": ["@n8n_io/riot-tmpl@4.0.0", "", { "dependencies": { "eslint-config-riot": "^1.0.0" } }, ""],

    "@nodelib/fs.scandir": ["@nodelib/fs.scandir@2.1.5", "", { "dependencies": { "@nodelib/fs.stat": "2.0.5", "run-parallel": "^1.1.9" } }, ""],

    "@nodelib/fs.stat": ["@nodelib/fs.stat@2.0.5", "", {}, ""],

    "@nodelib/fs.walk": ["@nodelib/fs.walk@1.2.8", "", { "dependencies": { "@nodelib/fs.scandir": "2.1.5", "fastq": "^1.6.0" } }, ""],

    "@types/json-schema": ["@types/json-schema@7.0.15", "", {}, ""],

    "@types/semver": ["@types/semver@7.7.0", "", {}, ""],

    "@typescript-eslint/parser": ["@typescript-eslint/parser@8.32.1", "", { "dependencies": { "@typescript-eslint/scope-manager": "8.32.1", "@typescript-eslint/types": "8.32.1", "@typescript-eslint/typescript-estree": "8.32.1", "@typescript-eslint/visitor-keys": "8.32.1", "debug": "^4.3.4" }, "peerDependencies": { "eslint": "^8.57.0 || ^9.0.0", "typescript": ">=4.8.4 <5.9.0" } }, ""],

    "@typescript-eslint/scope-manager": ["@typescript-eslint/scope-manager@8.32.1", "", { "dependencies": { "@typescript-eslint/types": "8.32.1", "@typescript-eslint/visitor-keys": "8.32.1" } }, ""],

    "@typescript-eslint/types": ["@typescript-eslint/types@8.32.1", "", {}, ""],

    "@typescript-eslint/typescript-estree": ["@typescript-eslint/typescript-estree@8.32.1", "", { "dependencies": { "@typescript-eslint/types": "8.32.1", "@typescript-eslint/visitor-keys": "8.32.1", "debug": "^4.3.4", "fast-glob": "^3.3.2", "is-glob": "^4.0.3", "minimatch": "^9.0.4", "semver": "^7.6.0", "ts-api-utils": "^2.1.0" }, "peerDependencies": { "typescript": ">=4.8.4 <5.9.0" } }, ""],

    "@typescript-eslint/utils": ["@typescript-eslint/utils@6.21.0", "", { "dependencies": { "@eslint-community/eslint-utils": "^4.4.0", "@types/json-schema": "^7.0.12", "@types/semver": "^7.5.0", "@typescript-eslint/scope-manager": "6.21.0", "@typescript-eslint/types": "6.21.0", "@typescript-eslint/typescript-estree": "6.21.0", "semver": "^7.5.4" }, "peerDependencies": { "eslint": "^7.0.0 || ^8.0.0" } }, ""],

    "@typescript-eslint/visitor-keys": ["@typescript-eslint/visitor-keys@8.32.1", "", { "dependencies": { "@typescript-eslint/types": "8.32.1", "eslint-visitor-keys": "^4.2.0" } }, ""],

    "@ungap/structured-clone": ["@ungap/structured-clone@1.3.0", "", {}, ""],

    "acorn": ["acorn@8.15.0", "", { "bin": "bin/acorn" }, ""],

    "acorn-jsx": ["acorn-jsx@5.3.2", "", { "peerDependencies": { "acorn": "^6.0.0 || ^7.0.0 || ^8.0.0" } }, ""],

    "ajv": ["ajv@6.12.6", "", { "dependencies": { "fast-deep-equal": "^3.1.1", "fast-json-stable-stringify": "^2.0.0", "json-schema-traverse": "^0.4.1", "uri-js": "^4.2.2" } }, ""],

    "ansi-regex": ["ansi-regex@5.0.1", "", {}, ""],

    "ansi-styles": ["ansi-styles@4.3.0", "", { "dependencies": { "color-convert": "^2.0.1" } }, ""],

    "anymatch": ["anymatch@3.1.3", "", { "dependencies": { "normalize-path": "^3.0.0", "picomatch": "^2.0.4" } }, ""],

    "argparse": ["argparse@2.0.1", "", {}, ""],

    "array-each": ["array-each@1.0.1", "", {}, ""],

    "array-slice": ["array-slice@1.1.0", "", {}, ""],

    "array-union": ["array-union@2.1.0", "", {}, ""],

    "assert": ["assert@2.1.0", "", { "dependencies": { "call-bind": "^1.0.2", "is-nan": "^1.3.2", "object-is": "^1.1.5", "object.assign": "^4.1.4", "util": "^0.12.5" } }, ""],

    "ast-types": ["ast-types@0.15.2", "", { "dependencies": { "tslib": "^2.0.1" } }, ""],

    "async-done": ["async-done@2.0.0", "", { "dependencies": { "end-of-stream": "^1.4.4", "once": "^1.4.0", "stream-exhaust": "^1.0.2" } }, ""],

    "async-settle": ["async-settle@2.0.0", "", { "dependencies": { "async-done": "^2.0.0" } }, ""],

    "asynckit": ["asynckit@0.4.0", "", {}, ""],

    "available-typed-arrays": ["available-typed-arrays@1.0.7", "", { "dependencies": { "possible-typed-array-names": "^1.0.0" } }, ""],

    "axios": ["axios@1.8.2", "", { "dependencies": { "follow-redirects": "^1.15.6", "form-data": "^4.0.0", "proxy-from-env": "^1.1.0" } }, ""],

    "b4a": ["b4a@1.6.7", "", {}, ""],

    "bach": ["bach@2.0.1", "", { "dependencies": { "async-done": "^2.0.0", "async-settle": "^2.0.0", "now-and-later": "^3.0.0" } }, ""],

    "balanced-match": ["balanced-match@1.0.2", "", {}, ""],

    "bare-events": ["bare-events@2.5.4", "", {}, ""],

    "base64-js": ["base64-js@1.5.1", "", {}, ""],

    "binary-extensions": ["binary-extensions@2.3.0", "", {}, ""],

    "bl": ["bl@5.1.0", "", { "dependencies": { "buffer": "^6.0.3", "inherits": "^2.0.4", "readable-stream": "^3.4.0" } }, ""],

    "brace-expansion": ["brace-expansion@1.1.12", "", { "dependencies": { "balanced-match": "^1.0.0", "concat-map": "0.0.1" } }, ""],

    "braces": ["braces@3.0.3", "", { "dependencies": { "fill-range": "^7.1.1" } }, ""],

    "buffer": ["buffer@6.0.3", "", { "dependencies": { "base64-js": "^1.3.1", "ieee754": "^1.2.1" } }, ""],

    "call-bind": ["call-bind@1.0.8", "", { "dependencies": { "call-bind-apply-helpers": "^1.0.0", "es-define-property": "^1.0.0", "get-intrinsic": "^1.2.4", "set-function-length": "^1.2.2" } }, ""],

    "call-bind-apply-helpers": ["call-bind-apply-helpers@1.0.2", "", { "dependencies": { "es-errors": "^1.3.0", "function-bind": "^1.1.2" } }, ""],

    "call-bound": ["call-bound@1.0.4", "", { "dependencies": { "call-bind-apply-helpers": "^1.0.2", "get-intrinsic": "^1.3.0" } }, ""],

    "callsites": ["callsites@3.1.0", "", {}, ""],

    "camel-case": ["camel-case@4.1.2", "", { "dependencies": { "pascal-case": "^3.1.2", "tslib": "^2.0.3" } }, ""],

    "chalk": ["chalk@4.1.2", "", { "dependencies": { "ansi-styles": "^4.1.0", "supports-color": "^7.1.0" } }, ""],

    "charenc": ["charenc@0.0.2", "", {}, ""],

    "chokidar": ["chokidar@3.6.0", "", { "dependencies": { "anymatch": "~3.1.2", "braces": "~3.0.2", "glob-parent": "~5.1.2", "is-binary-path": "~2.1.0", "is-glob": "~4.0.1", "normalize-path": "~3.0.0", "readdirp": "~3.6.0" }, "optionalDependencies": { "fsevents": "~2.3.2" } }, ""],

    "cliui": ["cliui@8.0.1", "", { "dependencies": { "string-width": "^4.2.0", "strip-ansi": "^6.0.1", "wrap-ansi": "^7.0.0" } }, ""],

    "clone": ["clone@2.1.2", "", {}, ""],

    "color-convert": ["color-convert@2.0.1", "", { "dependencies": { "color-name": "~1.1.4" } }, ""],

    "color-name": ["color-name@1.1.4", "", {}, ""],

    "combined-stream": ["combined-stream@1.0.8", "", { "dependencies": { "delayed-stream": "~1.0.0" } }, ""],

    "concat-map": ["concat-map@0.0.1", "", {}, ""],

    "convert-source-map": ["convert-source-map@2.0.0", "", {}, ""],

    "copy-props": ["copy-props@4.0.0", "", { "dependencies": { "each-props": "^3.0.0", "is-plain-object": "^5.0.0" } }, ""],

    "cross-spawn": ["cross-spawn@7.0.6", "", { "dependencies": { "path-key": "^3.1.0", "shebang-command": "^2.0.0", "which": "^2.0.1" } }, ""],

    "crypt": ["crypt@0.0.2", "", {}, ""],

    "debug": ["debug@4.4.1", "", { "dependencies": { "ms": "^2.1.3" } }, ""],

    "deep-equal": ["deep-equal@2.2.0", "", { "dependencies": { "call-bind": "^1.0.2", "es-get-iterator": "^1.1.2", "get-intrinsic": "^1.1.3", "is-arguments": "^1.1.1", "is-array-buffer": "^3.0.1", "is-date-object": "^1.0.5", "is-regex": "^1.1.4", "is-shared-array-buffer": "^1.0.2", "isarray": "^2.0.5", "object-is": "^1.1.5", "object-keys": "^1.1.1", "object.assign": "^4.1.4", "regexp.prototype.flags": "^1.4.3", "side-channel": "^1.0.4", "which-boxed-primitive": "^1.0.2", "which-collection": "^1.0.1", "which-typed-array": "^1.1.9" } }, ""],

    "deep-is": ["deep-is@0.1.4", "", {}, ""],

    "define-data-property": ["define-data-property@1.1.4", "", { "dependencies": { "es-define-property": "^1.0.0", "es-errors": "^1.3.0", "gopd": "^1.0.1" } }, ""],

    "define-properties": ["define-properties@1.2.1", "", { "dependencies": { "define-data-property": "^1.0.1", "has-property-descriptors": "^1.0.0", "object-keys": "^1.1.1" } }, ""],

    "delayed-stream": ["delayed-stream@1.0.0", "", {}, ""],

    "detect-file": ["detect-file@1.0.0", "", {}, ""],

    "dir-glob": ["dir-glob@3.0.1", "", { "dependencies": { "path-type": "^4.0.0" } }, ""],

    "doctrine": ["doctrine@3.0.0", "", { "dependencies": { "esutils": "^2.0.2" } }, ""],

    "dunder-proto": ["dunder-proto@1.0.1", "", { "dependencies": { "call-bind-apply-helpers": "^1.0.1", "es-errors": "^1.3.0", "gopd": "^1.2.0" } }, ""],

    "each-props": ["each-props@3.0.0", "", { "dependencies": { "is-plain-object": "^5.0.0", "object.defaults": "^1.1.0" } }, ""],

    "emoji-regex": ["emoji-regex@8.0.0", "", {}, ""],

    "end-of-stream": ["end-of-stream@1.4.4", "", { "dependencies": { "once": "^1.4.0" } }, ""],

    "es-define-property": ["es-define-property@1.0.1", "", {}, ""],

    "es-errors": ["es-errors@1.3.0", "", {}, ""],

    "es-get-iterator": ["es-get-iterator@1.1.3", "", { "dependencies": { "call-bind": "^1.0.2", "get-intrinsic": "^1.1.3", "has-symbols": "^1.0.3", "is-arguments": "^1.1.1", "is-map": "^2.0.2", "is-set": "^2.0.2", "is-string": "^1.0.7", "isarray": "^2.0.5", "stop-iteration-iterator": "^1.0.0" } }, ""],

    "es-object-atoms": ["es-object-atoms@1.1.1", "", { "dependencies": { "es-errors": "^1.3.0" } }, ""],

    "escalade": ["escalade@3.2.0", "", {}, ""],

    "escape-string-regexp": ["escape-string-regexp@4.0.0", "", {}, ""],

    "eslint": ["eslint@8.57.1", "", { "dependencies": { "@eslint-community/eslint-utils": "^4.2.0", "@eslint-community/regexpp": "^4.6.1", "@eslint/eslintrc": "^2.1.4", "@eslint/js": "8.57.1", "@humanwhocodes/config-array": "^0.13.0", "@humanwhocodes/module-importer": "^1.0.1", "@nodelib/fs.walk": "^1.2.8", "@ungap/structured-clone": "^1.2.0", "ajv": "^6.12.4", "chalk": "^4.0.0", "cross-spawn": "^7.0.2", "debug": "^4.3.2", "doctrine": "^3.0.0", "escape-string-regexp": "^4.0.0", "eslint-scope": "^7.2.2", "eslint-visitor-keys": "^3.4.3", "espree": "^9.6.1", "esquery": "^1.4.2", "esutils": "^2.0.2", "fast-deep-equal": "^3.1.3", "file-entry-cache": "^6.0.1", "find-up": "^5.0.0", "glob-parent": "^6.0.2", "globals": "^13.19.0", "graphemer": "^1.4.0", "ignore": "^5.2.0", "imurmurhash": "^0.1.4", "is-glob": "^4.0.0", "is-path-inside": "^3.0.3", "js-yaml": "^4.1.0", "json-stable-stringify-without-jsonify": "^1.0.1", "levn": "^0.4.1", "lodash.merge": "^4.6.2", "minimatch": "^3.1.2", "natural-compare": "^1.4.0", "optionator": "^0.9.3", "strip-ansi": "^6.0.1", "text-table": "^0.2.0" }, "bin": "bin/eslint.js" }, ""],

    "eslint-config-riot": ["eslint-config-riot@1.0.0", "", {}, ""],

    "eslint-plugin-local": ["eslint-plugin-local@1.0.0", "", {}, ""],

    "eslint-plugin-n8n-nodes-base": ["eslint-plugin-n8n-nodes-base@1.16.3", "", { "dependencies": { "@typescript-eslint/utils": "^6.21.0", "camel-case": "^4.1.2", "eslint-plugin-local": "^1.0.0", "indefinite": "^2.5.1", "pascal-case": "^3.1.2", "pluralize": "^8.0.0", "sentence-case": "^3.0.4", "title-case": "^3.0.3" } }, ""],

    "eslint-scope": ["eslint-scope@7.2.2", "", { "dependencies": { "esrecurse": "^4.3.0", "estraverse": "^5.2.0" } }, ""],

    "eslint-visitor-keys": ["eslint-visitor-keys@3.4.3", "", {}, ""],

    "espree": ["espree@9.6.1", "", { "dependencies": { "acorn": "^8.9.0", "acorn-jsx": "^5.3.2", "eslint-visitor-keys": "^3.4.1" } }, ""],

    "esprima": ["esprima@4.0.1", "", { "bin": { "esparse": "bin/esparse.js", "esvalidate": "bin/esvalidate.js" } }, ""],

    "esprima-next": ["esprima-next@5.8.4", "", { "bin": { "esparse": "bin/esparse.js", "esvalidate": "bin/esvalidate.js" } }, ""],

    "esquery": ["esquery@1.6.0", "", { "dependencies": { "estraverse": "^5.1.0" } }, ""],

    "esrecurse": ["esrecurse@4.3.0", "", { "dependencies": { "estraverse": "^5.2.0" } }, ""],

    "estraverse": ["estraverse@5.3.0", "", {}, ""],

    "esutils": ["esutils@2.0.3", "", {}, ""],

    "expand-tilde": ["expand-tilde@2.0.2", "", { "dependencies": { "homedir-polyfill": "^1.0.1" } }, ""],

    "extend": ["extend@3.0.2", "", {}, ""],

    "fast-deep-equal": ["fast-deep-equal@3.1.3", "", {}, ""],

    "fast-fifo": ["fast-fifo@1.3.2", "", {}, ""],

    "fast-glob": ["fast-glob@3.3.3", "", { "dependencies": { "@nodelib/fs.stat": "^2.0.2", "@nodelib/fs.walk": "^1.2.3", "glob-parent": "^5.1.2", "merge2": "^1.3.0", "micromatch": "^4.0.8" } }, ""],

    "fast-json-stable-stringify": ["fast-json-stable-stringify@2.1.0", "", {}, ""],

    "fast-levenshtein": ["fast-levenshtein@2.0.6", "", {}, ""],

    "fastest-levenshtein": ["fastest-levenshtein@1.0.16", "", {}, ""],

    "fastq": ["fastq@1.19.1", "", { "dependencies": { "reusify": "^1.0.4" } }, ""],

    "file-entry-cache": ["file-entry-cache@6.0.1", "", { "dependencies": { "flat-cache": "^3.0.4" } }, ""],

    "fill-range": ["fill-range@7.1.1", "", { "dependencies": { "to-regex-range": "^5.0.1" } }, ""],

    "find-up": ["find-up@5.0.0", "", { "dependencies": { "locate-path": "^6.0.0", "path-exists": "^4.0.0" } }, ""],

    "findup-sync": ["findup-sync@5.0.0", "", { "dependencies": { "detect-file": "^1.0.0", "is-glob": "^4.0.3", "micromatch": "^4.0.4", "resolve-dir": "^1.0.1" } }, ""],

    "fined": ["fined@2.0.0", "", { "dependencies": { "expand-tilde": "^2.0.2", "is-plain-object": "^5.0.0", "object.defaults": "^1.1.0", "object.pick": "^1.3.0", "parse-filepath": "^1.0.2" } }, ""],

    "flagged-respawn": ["flagged-respawn@2.0.0", "", {}, ""],

    "flat-cache": ["flat-cache@3.2.0", "", { "dependencies": { "flatted": "^3.2.9", "keyv": "^4.5.3", "rimraf": "^3.0.2" } }, ""],

    "flatted": ["flatted@3.3.3", "", {}, ""],

    "follow-redirects": ["follow-redirects@1.15.9", "", {}, ""],

    "for-each": ["for-each@0.3.5", "", { "dependencies": { "is-callable": "^1.2.7" } }, ""],

    "for-in": ["for-in@1.0.2", "", {}, ""],

    "for-own": ["for-own@1.0.0", "", { "dependencies": { "for-in": "^1.0.1" } }, ""],

    "form-data": ["form-data@4.0.0", "", { "dependencies": { "asynckit": "^0.4.0", "combined-stream": "^1.0.8", "mime-types": "^2.1.12" } }, ""],

    "fs-mkdirp-stream": ["fs-mkdirp-stream@2.0.1", "", { "dependencies": { "graceful-fs": "^4.2.8", "streamx": "^2.12.0" } }, ""],

    "fs.realpath": ["fs.realpath@1.0.0", "", {}, ""],

    "fsevents": ["fsevents@2.3.3", "", { "os": "darwin" }, ""],

    "function-bind": ["function-bind@1.1.2", "", {}, ""],

    "functions-have-names": ["functions-have-names@1.2.3", "", {}, ""],

    "get-caller-file": ["get-caller-file@2.0.5", "", {}, ""],

    "get-intrinsic": ["get-intrinsic@1.3.0", "", { "dependencies": { "call-bind-apply-helpers": "^1.0.2", "es-define-property": "^1.0.1", "es-errors": "^1.3.0", "es-object-atoms": "^1.1.1", "function-bind": "^1.1.2", "get-proto": "^1.0.1", "gopd": "^1.2.0", "has-symbols": "^1.1.0", "hasown": "^2.0.2", "math-intrinsics": "^1.1.0" } }, ""],

    "get-proto": ["get-proto@1.0.1", "", { "dependencies": { "dunder-proto": "^1.0.1", "es-object-atoms": "^1.0.0" } }, ""],

    "glob": ["glob@7.2.3", "", { "dependencies": { "fs.realpath": "^1.0.0", "inflight": "^1.0.4", "inherits": "2", "minimatch": "^3.1.1", "once": "^1.3.0", "path-is-absolute": "^1.0.0" } }, ""],

    "glob-parent": ["glob-parent@6.0.2", "", { "dependencies": { "is-glob": "^4.0.3" } }, ""],

    "glob-stream": ["glob-stream@8.0.3", "", { "dependencies": { "@gulpjs/to-absolute-glob": "^4.0.0", "anymatch": "^3.1.3", "fastq": "^1.13.0", "glob-parent": "^6.0.2", "is-glob": "^4.0.3", "is-negated-glob": "^1.0.0", "normalize-path": "^3.0.0", "streamx": "^2.12.5" } }, ""],

    "glob-watcher": ["glob-watcher@6.0.0", "", { "dependencies": { "async-done": "^2.0.0", "chokidar": "^3.5.3" } }, ""],

    "global-modules": ["global-modules@1.0.0", "", { "dependencies": { "global-prefix": "^1.0.1", "is-windows": "^1.0.1", "resolve-dir": "^1.0.0" } }, ""],

    "global-prefix": ["global-prefix@1.0.2", "", { "dependencies": { "expand-tilde": "^2.0.2", "homedir-polyfill": "^1.0.1", "ini": "^1.3.4", "is-windows": "^1.0.1", "which": "^1.2.14" } }, ""],

    "globals": ["globals@13.24.0", "", { "dependencies": { "type-fest": "^0.20.2" } }, ""],

    "globby": ["globby@11.1.0", "", { "dependencies": { "array-union": "^2.1.0", "dir-glob": "^3.0.1", "fast-glob": "^3.2.9", "ignore": "^5.2.0", "merge2": "^1.4.1", "slash": "^3.0.0" } }, ""],

    "glogg": ["glogg@2.2.0", "", { "dependencies": { "sparkles": "^2.1.0" } }, ""],

    "gopd": ["gopd@1.2.0", "", {}, ""],

    "graceful-fs": ["graceful-fs@4.2.11", "", {}, ""],

    "graphemer": ["graphemer@1.4.0", "", {}, ""],

    "gulp": ["gulp@5.0.1", "", { "dependencies": { "glob-watcher": "^6.0.0", "gulp-cli": "^3.1.0", "undertaker": "^2.0.0", "vinyl-fs": "^4.0.2" }, "bin": "bin/gulp.js" }, ""],

    "gulp-cli": ["gulp-cli@3.1.0", "", { "dependencies": { "@gulpjs/messages": "^1.1.0", "chalk": "^4.1.2", "copy-props": "^4.0.0", "gulplog": "^2.2.0", "interpret": "^3.1.1", "liftoff": "^5.0.1", "mute-stdout": "^2.0.0", "replace-homedir": "^2.0.0", "semver-greatest-satisfied-range": "^2.0.0", "string-width": "^4.2.3", "v8flags": "^4.0.0", "yargs": "^16.2.0" }, "bin": { "gulp": "bin/gulp.js" } }, ""],

    "gulplog": ["gulplog@2.2.0", "", { "dependencies": { "glogg": "^2.2.0" } }, ""],

    "has-bigints": ["has-bigints@1.1.0", "", {}, ""],

    "has-flag": ["has-flag@4.0.0", "", {}, ""],

    "has-property-descriptors": ["has-property-descriptors@1.0.2", "", { "dependencies": { "es-define-property": "^1.0.0" } }, ""],

    "has-symbols": ["has-symbols@1.1.0", "", {}, ""],

    "has-tostringtag": ["has-tostringtag@1.0.2", "", { "dependencies": { "has-symbols": "^1.0.3" } }, ""],

    "hasown": ["hasown@2.0.2", "", { "dependencies": { "function-bind": "^1.1.2" } }, ""],

    "homedir-polyfill": ["homedir-polyfill@1.0.3", "", { "dependencies": { "parse-passwd": "^1.0.0" } }, ""],

    "iconv-lite": ["iconv-lite@0.6.3", "", { "dependencies": { "safer-buffer": ">= 2.1.2 < 3.0.0" } }, ""],

    "ieee754": ["ieee754@1.2.1", "", {}, ""],

    "ignore": ["ignore@5.3.2", "", {}, ""],

    "import-fresh": ["import-fresh@3.3.1", "", { "dependencies": { "parent-module": "^1.0.0", "resolve-from": "^4.0.0" } }, ""],

    "imurmurhash": ["imurmurhash@0.1.4", "", {}, ""],

    "indefinite": ["indefinite@2.5.1", "", {}, ""],

    "inflight": ["inflight@1.0.6", "", { "dependencies": { "once": "^1.3.0", "wrappy": "1" } }, ""],

    "inherits": ["inherits@2.0.4", "", {}, ""],

    "ini": ["ini@1.3.8", "", {}, ""],

    "internal-slot": ["internal-slot@1.1.0", "", { "dependencies": { "es-errors": "^1.3.0", "hasown": "^2.0.2", "side-channel": "^1.1.0" } }, ""],

    "interpret": ["interpret@3.1.1", "", {}, ""],

    "is-absolute": ["is-absolute@1.0.0", "", { "dependencies": { "is-relative": "^1.0.0", "is-windows": "^1.0.1" } }, ""],

    "is-arguments": ["is-arguments@1.2.0", "", { "dependencies": { "call-bound": "^1.0.2", "has-tostringtag": "^1.0.2" } }, ""],

    "is-array-buffer": ["is-array-buffer@3.0.5", "", { "dependencies": { "call-bind": "^1.0.8", "call-bound": "^1.0.3", "get-intrinsic": "^1.2.6" } }, ""],

    "is-bigint": ["is-bigint@1.1.0", "", { "dependencies": { "has-bigints": "^1.0.2" } }, ""],

    "is-binary-path": ["is-binary-path@2.1.0", "", { "dependencies": { "binary-extensions": "^2.0.0" } }, ""],

    "is-boolean-object": ["is-boolean-object@1.2.2", "", { "dependencies": { "call-bound": "^1.0.3", "has-tostringtag": "^1.0.2" } }, ""],

    "is-buffer": ["is-buffer@1.1.6", "", {}, ""],

    "is-callable": ["is-callable@1.2.7", "", {}, ""],

    "is-core-module": ["is-core-module@2.16.1", "", { "dependencies": { "hasown": "^2.0.2" } }, ""],

    "is-date-object": ["is-date-object@1.1.0", "", { "dependencies": { "call-bound": "^1.0.2", "has-tostringtag": "^1.0.2" } }, ""],

    "is-extglob": ["is-extglob@2.1.1", "", {}, ""],

    "is-fullwidth-code-point": ["is-fullwidth-code-point@3.0.0", "", {}, ""],

    "is-generator-function": ["is-generator-function@1.1.0", "", { "dependencies": { "call-bound": "^1.0.3", "get-proto": "^1.0.0", "has-tostringtag": "^1.0.2", "safe-regex-test": "^1.1.0" } }, ""],

    "is-glob": ["is-glob@4.0.3", "", { "dependencies": { "is-extglob": "^2.1.1" } }, ""],

    "is-map": ["is-map@2.0.3", "", {}, ""],

    "is-nan": ["is-nan@1.3.2", "", { "dependencies": { "call-bind": "^1.0.0", "define-properties": "^1.1.3" } }, ""],

    "is-negated-glob": ["is-negated-glob@1.0.0", "", {}, ""],

    "is-number": ["is-number@7.0.0", "", {}, ""],

    "is-number-object": ["is-number-object@1.1.1", "", { "dependencies": { "call-bound": "^1.0.3", "has-tostringtag": "^1.0.2" } }, ""],

    "is-path-inside": ["is-path-inside@3.0.3", "", {}, ""],

    "is-plain-object": ["is-plain-object@5.0.0", "", {}, ""],

    "is-regex": ["is-regex@1.2.1", "", { "dependencies": { "call-bound": "^1.0.2", "gopd": "^1.2.0", "has-tostringtag": "^1.0.2", "hasown": "^2.0.2" } }, ""],

    "is-relative": ["is-relative@1.0.0", "", { "dependencies": { "is-unc-path": "^1.0.0" } }, ""],

    "is-set": ["is-set@2.0.3", "", {}, ""],

    "is-shared-array-buffer": ["is-shared-array-buffer@1.0.4", "", { "dependencies": { "call-bound": "^1.0.3" } }, ""],

    "is-string": ["is-string@1.1.1", "", { "dependencies": { "call-bound": "^1.0.3", "has-tostringtag": "^1.0.2" } }, ""],

    "is-symbol": ["is-symbol@1.1.1", "", { "dependencies": { "call-bound": "^1.0.2", "has-symbols": "^1.1.0", "safe-regex-test": "^1.1.0" } }, ""],

    "is-typed-array": ["is-typed-array@1.1.15", "", { "dependencies": { "which-typed-array": "^1.1.16" } }, ""],

    "is-unc-path": ["is-unc-path@1.0.0", "", { "dependencies": { "unc-path-regex": "^0.1.2" } }, ""],

    "is-valid-glob": ["is-valid-glob@1.0.0", "", {}, ""],

    "is-weakmap": ["is-weakmap@2.0.2", "", {}, ""],

    "is-weakset": ["is-weakset@2.0.4", "", { "dependencies": { "call-bound": "^1.0.3", "get-intrinsic": "^1.2.6" } }, ""],

    "is-windows": ["is-windows@1.0.2", "", {}, ""],

    "isarray": ["isarray@2.0.5", "", {}, ""],

    "isexe": ["isexe@2.0.0", "", {}, ""],

    "isobject": ["isobject@3.0.1", "", {}, ""],

    "jmespath": ["jmespath@0.16.0", "", {}, ""],

    "js-base64": ["js-base64@3.7.2", "", {}, ""],

    "js-yaml": ["js-yaml@4.1.0", "", { "dependencies": { "argparse": "^2.0.1" }, "bin": "bin/js-yaml.js" }, ""],

    "json-buffer": ["json-buffer@3.0.1", "", {}, ""],

    "json-schema-traverse": ["json-schema-traverse@0.4.1", "", {}, ""],

    "json-stable-stringify-without-jsonify": ["json-stable-stringify-without-jsonify@1.0.1", "", {}, ""],

    "jssha": ["jssha@3.3.1", "", {}, ""],

    "keyv": ["keyv@4.5.4", "", { "dependencies": { "json-buffer": "3.0.1" } }, ""],

    "last-run": ["last-run@2.0.0", "", {}, ""],

    "lead": ["lead@4.0.0", "", {}, ""],

    "levn": ["levn@0.4.1", "", { "dependencies": { "prelude-ls": "^1.2.1", "type-check": "~0.4.0" } }, ""],

    "liftoff": ["liftoff@5.0.1", "", { "dependencies": { "extend": "^3.0.2", "findup-sync": "^5.0.0", "fined": "^2.0.0", "flagged-respawn": "^2.0.0", "is-plain-object": "^5.0.0", "rechoir": "^0.8.0", "resolve": "^1.20.0" } }, ""],

    "locate-path": ["locate-path@6.0.0", "", { "dependencies": { "p-locate": "^5.0.0" } }, ""],

    "lodash": ["lodash@4.17.21", "", {}, ""],

    "lodash.merge": ["lodash.merge@4.6.2", "", {}, ""],

    "lower-case": ["lower-case@2.0.2", "", { "dependencies": { "tslib": "^2.0.3" } }, ""],

    "luxon": ["luxon@3.4.4", "", {}, ""],

    "map-cache": ["map-cache@0.2.2", "", {}, ""],

    "math-intrinsics": ["math-intrinsics@1.1.0", "", {}, ""],

    "md5": ["md5@2.3.0", "", { "dependencies": { "charenc": "0.0.2", "crypt": "0.0.2", "is-buffer": "~1.1.6" } }, ""],

    "merge2": ["merge2@1.4.1", "", {}, ""],

    "micromatch": ["micromatch@4.0.8", "", { "dependencies": { "braces": "^3.0.3", "picomatch": "^2.3.1" } }, ""],

    "mime-db": ["mime-db@1.52.0", "", {}, ""],

    "mime-types": ["mime-types@2.1.35", "", { "dependencies": { "mime-db": "1.52.0" } }, ""],

    "minimatch": ["minimatch@3.1.2", "", { "dependencies": { "brace-expansion": "^1.1.7" } }, ""],

    "ms": ["ms@2.1.3", "", {}, ""],

    "mute-stdout": ["mute-stdout@2.0.0", "", {}, ""],

    "n8n-workflow": ["n8n-workflow@1.82.0", "", { "dependencies": { "@n8n/tournament": "1.0.6", "@n8n_io/riot-tmpl": "4.0.0", "ast-types": "0.15.2", "axios": "1.8.2", "callsites": "3.1.0", "deep-equal": "2.2.0", "esprima-next": "5.8.4", "form-data": "4.0.0", "jmespath": "0.16.0", "js-base64": "3.7.2", "jssha": "3.3.1", "lodash": "4.17.21", "luxon": "3.4.4", "md5": "2.3.0", "recast": "0.21.5", "title-case": "3.0.3", "transliteration": "2.3.5", "xml2js": "0.6.2", "zod": "3.24.1" } }, ""],

    "natural-compare": ["natural-compare@1.4.0", "", {}, ""],

    "no-case": ["no-case@3.0.4", "", { "dependencies": { "lower-case": "^2.0.2", "tslib": "^2.0.3" } }, ""],

    "normalize-path": ["normalize-path@3.0.0", "", {}, ""],

    "now-and-later": ["now-and-later@3.0.0", "", { "dependencies": { "once": "^1.4.0" } }, ""],

    "object-inspect": ["object-inspect@1.13.4", "", {}, ""],

    "object-is": ["object-is@1.1.6", "", { "dependencies": { "call-bind": "^1.0.7", "define-properties": "^1.2.1" } }, ""],

    "object-keys": ["object-keys@1.1.1", "", {}, ""],

    "object.assign": ["object.assign@4.1.7", "", { "dependencies": { "call-bind": "^1.0.8", "call-bound": "^1.0.3", "define-properties": "^1.2.1", "es-object-atoms": "^1.0.0", "has-symbols": "^1.1.0", "object-keys": "^1.1.1" } }, ""],

    "object.defaults": ["object.defaults@1.1.0", "", { "dependencies": { "array-each": "^1.0.1", "array-slice": "^1.0.0", "for-own": "^1.0.0", "isobject": "^3.0.0" } }, ""],

    "object.pick": ["object.pick@1.3.0", "", { "dependencies": { "isobject": "^3.0.1" } }, ""],

    "once": ["once@1.4.0", "", { "dependencies": { "wrappy": "1" } }, ""],

    "optionator": ["optionator@0.9.4", "", { "dependencies": { "deep-is": "^0.1.3", "fast-levenshtein": "^2.0.6", "levn": "^0.4.1", "prelude-ls": "^1.2.1", "type-check": "^0.4.0", "word-wrap": "^1.2.5" } }, ""],

    "p-limit": ["p-limit@3.1.0", "", { "dependencies": { "yocto-queue": "^0.1.0" } }, ""],

    "p-locate": ["p-locate@5.0.0", "", { "dependencies": { "p-limit": "^3.0.2" } }, ""],

    "parent-module": ["parent-module@1.0.1", "", { "dependencies": { "callsites": "^3.0.0" } }, ""],

    "parse-filepath": ["parse-filepath@1.0.2", "", { "dependencies": { "is-absolute": "^1.0.0", "map-cache": "^0.2.0", "path-root": "^0.1.1" } }, ""],

    "parse-passwd": ["parse-passwd@1.0.0", "", {}, ""],

    "pascal-case": ["pascal-case@3.1.2", "", { "dependencies": { "no-case": "^3.0.4", "tslib": "^2.0.3" } }, ""],

    "path-exists": ["path-exists@4.0.0", "", {}, ""],

    "path-is-absolute": ["path-is-absolute@1.0.1", "", {}, ""],

    "path-key": ["path-key@3.1.1", "", {}, ""],

    "path-parse": ["path-parse@1.0.7", "", {}, ""],

    "path-root": ["path-root@0.1.1", "", { "dependencies": { "path-root-regex": "^0.1.0" } }, ""],

    "path-root-regex": ["path-root-regex@0.1.2", "", {}, ""],

    "path-type": ["path-type@4.0.0", "", {}, ""],

    "picomatch": ["picomatch@2.3.1", "", {}, ""],

    "pluralize": ["pluralize@8.0.0", "", {}, ""],

    "possible-typed-array-names": ["possible-typed-array-names@1.1.0", "", {}, ""],

    "prelude-ls": ["prelude-ls@1.2.1", "", {}, ""],

    "prettier": ["prettier@3.5.3", "", { "bin": "bin/prettier.cjs" }, ""],

    "proxy-from-env": ["proxy-from-env@1.1.0", "", {}, ""],

    "punycode": ["punycode@2.3.1", "", {}, ""],

    "queue-microtask": ["queue-microtask@1.2.3", "", {}, ""],

    "readable-stream": ["readable-stream@3.6.2", "", { "dependencies": { "inherits": "^2.0.3", "string_decoder": "^1.1.1", "util-deprecate": "^1.0.1" } }, ""],

    "readdirp": ["readdirp@3.6.0", "", { "dependencies": { "picomatch": "^2.2.1" } }, ""],

    "recast": ["recast@0.21.5", "", { "dependencies": { "ast-types": "0.15.2", "esprima": "~4.0.0", "source-map": "~0.6.1", "tslib": "^2.0.1" } }, ""],

    "rechoir": ["rechoir@0.8.0", "", { "dependencies": { "resolve": "^1.20.0" } }, ""],

    "regexp.prototype.flags": ["regexp.prototype.flags@1.5.4", "", { "dependencies": { "call-bind": "^1.0.8", "define-properties": "^1.2.1", "es-errors": "^1.3.0", "get-proto": "^1.0.1", "gopd": "^1.2.0", "set-function-name": "^2.0.2" } }, ""],

    "remove-trailing-separator": ["remove-trailing-separator@1.1.0", "", {}, ""],

    "replace-ext": ["replace-ext@2.0.0", "", {}, ""],

    "replace-homedir": ["replace-homedir@2.0.0", "", {}, ""],

    "require-directory": ["require-directory@2.1.1", "", {}, ""],

    "resolve": ["resolve@1.22.10", "", { "dependencies": { "is-core-module": "^2.16.0", "path-parse": "^1.0.7", "supports-preserve-symlinks-flag": "^1.0.0" }, "bin": "bin/resolve" }, ""],

    "resolve-dir": ["resolve-dir@1.0.1", "", { "dependencies": { "expand-tilde": "^2.0.0", "global-modules": "^1.0.0" } }, ""],

    "resolve-from": ["resolve-from@4.0.0", "", {}, ""],

    "resolve-options": ["resolve-options@2.0.0", "", { "dependencies": { "value-or-function": "^4.0.0" } }, ""],

    "reusify": ["reusify@1.1.0", "", {}, ""],

    "rimraf": ["rimraf@3.0.2", "", { "dependencies": { "glob": "^7.1.3" }, "bin": "bin.js" }, ""],

    "run-parallel": ["run-parallel@1.2.0", "", { "dependencies": { "queue-microtask": "^1.2.2" } }, ""],

    "safe-buffer": ["safe-buffer@5.2.1", "", {}, ""],

    "safe-regex-test": ["safe-regex-test@1.1.0", "", { "dependencies": { "call-bound": "^1.0.2", "es-errors": "^1.3.0", "is-regex": "^1.2.1" } }, ""],

    "safer-buffer": ["safer-buffer@2.1.2", "", {}, ""],

    "sax": ["sax@1.4.1", "", {}, ""],

    "semver": ["semver@7.7.2", "", { "bin": "bin/semver.js" }, ""],

    "semver-greatest-satisfied-range": ["semver-greatest-satisfied-range@2.0.0", "", { "dependencies": { "sver": "^1.8.3" } }, ""],

    "sentence-case": ["sentence-case@3.0.4", "", { "dependencies": { "no-case": "^3.0.4", "tslib": "^2.0.3", "upper-case-first": "^2.0.2" } }, ""],

    "set-function-length": ["set-function-length@1.2.2", "", { "dependencies": { "define-data-property": "^1.1.4", "es-errors": "^1.3.0", "function-bind": "^1.1.2", "get-intrinsic": "^1.2.4", "gopd": "^1.0.1", "has-property-descriptors": "^1.0.2" } }, ""],

    "set-function-name": ["set-function-name@2.0.2", "", { "dependencies": { "define-data-property": "^1.1.4", "es-errors": "^1.3.0", "functions-have-names": "^1.2.3", "has-property-descriptors": "^1.0.2" } }, ""],

    "shebang-command": ["shebang-command@2.0.0", "", { "dependencies": { "shebang-regex": "^3.0.0" } }, ""],

    "shebang-regex": ["shebang-regex@3.0.0", "", {}, ""],

    "side-channel": ["side-channel@1.1.0", "", { "dependencies": { "es-errors": "^1.3.0", "object-inspect": "^1.13.3", "side-channel-list": "^1.0.0", "side-channel-map": "^1.0.1", "side-channel-weakmap": "^1.0.2" } }, ""],

    "side-channel-list": ["side-channel-list@1.0.0", "", { "dependencies": { "es-errors": "^1.3.0", "object-inspect": "^1.13.3" } }, ""],

    "side-channel-map": ["side-channel-map@1.0.1", "", { "dependencies": { "call-bound": "^1.0.2", "es-errors": "^1.3.0", "get-intrinsic": "^1.2.5", "object-inspect": "^1.13.3" } }, ""],

    "side-channel-weakmap": ["side-channel-weakmap@1.0.2", "", { "dependencies": { "call-bound": "^1.0.2", "es-errors": "^1.3.0", "get-intrinsic": "^1.2.5", "object-inspect": "^1.13.3", "side-channel-map": "^1.0.1" } }, ""],

    "slash": ["slash@3.0.0", "", {}, ""],

    "source-map": ["source-map@0.6.1", "", {}, ""],

    "sparkles": ["sparkles@2.1.0", "", {}, ""],

    "stop-iteration-iterator": ["stop-iteration-iterator@1.1.0", "", { "dependencies": { "es-errors": "^1.3.0", "internal-slot": "^1.1.0" } }, ""],

    "stream-composer": ["stream-composer@1.0.2", "", { "dependencies": { "streamx": "^2.13.2" } }, ""],

    "stream-exhaust": ["stream-exhaust@1.0.2", "", {}, ""],

    "streamx": ["streamx@2.22.1", "", { "dependencies": { "fast-fifo": "^1.3.2", "text-decoder": "^1.1.0" }, "optionalDependencies": { "bare-events": "^2.2.0" } }, ""],

    "string-width": ["string-width@4.2.3", "", { "dependencies": { "emoji-regex": "^8.0.0", "is-fullwidth-code-point": "^3.0.0", "strip-ansi": "^6.0.1" } }, ""],

    "string_decoder": ["string_decoder@1.3.0", "", { "dependencies": { "safe-buffer": "~5.2.0" } }, ""],

    "strip-ansi": ["strip-ansi@6.0.1", "", { "dependencies": { "ansi-regex": "^5.0.1" } }, ""],

    "strip-json-comments": ["strip-json-comments@3.1.1", "", {}, ""],

    "supports-color": ["supports-color@7.2.0", "", { "dependencies": { "has-flag": "^4.0.0" } }, ""],

    "supports-preserve-symlinks-flag": ["supports-preserve-symlinks-flag@1.0.0", "", {}, ""],

    "sver": ["sver@1.8.4", "", { "optionalDependencies": { "semver": "^6.3.0" } }, ""],

    "teex": ["teex@1.0.1", "", { "dependencies": { "streamx": "^2.12.5" } }, ""],

    "text-decoder": ["text-decoder@1.2.3", "", { "dependencies": { "b4a": "^1.6.4" } }, ""],

    "text-table": ["text-table@0.2.0", "", {}, ""],

    "title-case": ["title-case@3.0.3", "", { "dependencies": { "tslib": "^2.0.3" } }, ""],

    "to-regex-range": ["to-regex-range@5.0.1", "", { "dependencies": { "is-number": "^7.0.0" } }, ""],

    "to-through": ["to-through@3.0.0", "", { "dependencies": { "streamx": "^2.12.5" } }, ""],

    "transliteration": ["transliteration@2.3.5", "", { "dependencies": { "yargs": "^17.5.1" }, "bin": { "slugify": "dist/bin/slugify", "transliterate": "dist/bin/transliterate" } }, ""],

    "ts-api-utils": ["ts-api-utils@2.1.0", "", { "peerDependencies": { "typescript": ">=4.8.4" } }, ""],

    "tslib": ["tslib@2.8.1", "", {}, ""],

    "type-check": ["type-check@0.4.0", "", { "dependencies": { "prelude-ls": "^1.2.1" } }, ""],

    "type-fest": ["type-fest@0.20.2", "", {}, ""],

    "typescript": ["typescript@5.3.3", "", { "bin": { "tsc": "bin/tsc", "tsserver": "bin/tsserver" } }, ""],

    "unc-path-regex": ["unc-path-regex@0.1.2", "", {}, ""],

    "undertaker": ["undertaker@2.0.0", "", { "dependencies": { "bach": "^2.0.1", "fast-levenshtein": "^3.0.0", "last-run": "^2.0.0", "undertaker-registry": "^2.0.0" } }, ""],

    "undertaker-registry": ["undertaker-registry@2.0.0", "", {}, ""],

    "upper-case-first": ["upper-case-first@2.0.2", "", { "dependencies": { "tslib": "^2.0.3" } }, ""],

    "uri-js": ["uri-js@4.4.1", "", { "dependencies": { "punycode": "^2.1.0" } }, ""],

    "util": ["util@0.12.5", "", { "dependencies": { "inherits": "^2.0.3", "is-arguments": "^1.0.4", "is-generator-function": "^1.0.7", "is-typed-array": "^1.1.3", "which-typed-array": "^1.1.2" } }, ""],

    "util-deprecate": ["util-deprecate@1.0.2", "", {}, ""],

    "v8flags": ["v8flags@4.0.1", "", {}, ""],

    "value-or-function": ["value-or-function@4.0.0", "", {}, ""],

    "vinyl": ["vinyl@3.0.1", "", { "dependencies": { "clone": "^2.1.2", "remove-trailing-separator": "^1.1.0", "replace-ext": "^2.0.0", "teex": "^1.0.1" } }, ""],

    "vinyl-contents": ["vinyl-contents@2.0.0", "", { "dependencies": { "bl": "^5.0.0", "vinyl": "^3.0.0" } }, ""],

    "vinyl-fs": ["vinyl-fs@4.0.2", "", { "dependencies": { "fs-mkdirp-stream": "^2.0.1", "glob-stream": "^8.0.3", "graceful-fs": "^4.2.11", "iconv-lite": "^0.6.3", "is-valid-glob": "^1.0.0", "lead": "^4.0.0", "normalize-path": "3.0.0", "resolve-options": "^2.0.0", "stream-composer": "^1.0.2", "streamx": "^2.14.0", "to-through": "^3.0.0", "value-or-function": "^4.0.0", "vinyl": "^3.0.1", "vinyl-sourcemap": "^2.0.0" } }, ""],

    "vinyl-sourcemap": ["vinyl-sourcemap@2.0.0", "", { "dependencies": { "convert-source-map": "^2.0.0", "graceful-fs": "^4.2.10", "now-and-later": "^3.0.0", "streamx": "^2.12.5", "vinyl": "^3.0.0", "vinyl-contents": "^2.0.0" } }, ""],

    "which": ["which@2.0.2", "", { "dependencies": { "isexe": "^2.0.0" }, "bin": { "node-which": "bin/node-which" } }, ""],

    "which-boxed-primitive": ["which-boxed-primitive@1.1.1", "", { "dependencies": { "is-bigint": "^1.1.0", "is-boolean-object": "^1.2.1", "is-number-object": "^1.1.1", "is-string": "^1.1.1", "is-symbol": "^1.1.1" } }, ""],

    "which-collection": ["which-collection@1.0.2", "", { "dependencies": { "is-map": "^2.0.3", "is-set": "^2.0.3", "is-weakmap": "^2.0.2", "is-weakset": "^2.0.3" } }, ""],

    "which-typed-array": ["which-typed-array@1.1.19", "", { "dependencies": { "available-typed-arrays": "^1.0.7", "call-bind": "^1.0.8", "call-bound": "^1.0.4", "for-each": "^0.3.5", "get-proto": "^1.0.1", "gopd": "^1.2.0", "has-tostringtag": "^1.0.2" } }, ""],

    "word-wrap": ["word-wrap@1.2.5", "", {}, ""],

    "wrap-ansi": ["wrap-ansi@7.0.0", "", { "dependencies": { "ansi-styles": "^4.0.0", "string-width": "^4.1.0", "strip-ansi": "^6.0.0" } }, ""],

    "wrappy": ["wrappy@1.0.2", "", {}, ""],

    "xml2js": ["xml2js@0.6.2", "", { "dependencies": { "sax": ">=0.6.0", "xmlbuilder": "~11.0.0" } }, ""],

    "xmlbuilder": ["xmlbuilder@11.0.1", "", {}, ""],

    "y18n": ["y18n@5.0.8", "", {}, ""],

    "yargs": ["yargs@17.7.2", "", { "dependencies": { "cliui": "^8.0.1", "escalade": "^3.1.1", "get-caller-file": "^2.0.5", "require-directory": "^2.1.1", "string-width": "^4.2.3", "y18n": "^5.0.5", "yargs-parser": "^21.1.1" } }, ""],

    "yargs-parser": ["yargs-parser@21.1.1", "", {}, ""],

    "yocto-queue": ["yocto-queue@0.1.0", "", {}, ""],

    "zod": ["zod@3.24.1", "", {}, ""],

    "@n8n/tournament/@n8n_io/riot-tmpl": ["@n8n_io/riot-tmpl@4.0.1", "", { "dependencies": { "eslint-config-riot": "^1.0.0" } }, ""],

    "@n8n/tournament/ast-types": ["ast-types@0.16.1", "", { "dependencies": { "tslib": "^2.0.1" } }, ""],

    "@n8n/tournament/recast": ["recast@0.22.0", "", { "dependencies": { "assert": "^2.0.0", "ast-types": "0.15.2", "esprima": "~4.0.0", "source-map": "~0.6.1", "tslib": "^2.0.1" } }, ""],

    "@typescript-eslint/typescript-estree/minimatch": ["minimatch@9.0.5", "", { "dependencies": { "brace-expansion": "^2.0.1" } }, ""],

    "@typescript-eslint/utils/@typescript-eslint/scope-manager": ["@typescript-eslint/scope-manager@6.21.0", "", { "dependencies": { "@typescript-eslint/types": "6.21.0", "@typescript-eslint/visitor-keys": "6.21.0" } }, ""],

    "@typescript-eslint/utils/@typescript-eslint/types": ["@typescript-eslint/types@6.21.0", "", {}, ""],

    "@typescript-eslint/utils/@typescript-eslint/typescript-estree": ["@typescript-eslint/typescript-estree@6.21.0", "", { "dependencies": { "@typescript-eslint/types": "6.21.0", "@typescript-eslint/visitor-keys": "6.21.0", "debug": "^4.3.4", "globby": "^11.1.0", "is-glob": "^4.0.3", "minimatch": "9.0.3", "semver": "^7.5.4", "ts-api-utils": "^1.0.1" } }, ""],

    "@typescript-eslint/visitor-keys/eslint-visitor-keys": ["eslint-visitor-keys@4.2.1", "", {}, ""],

    "chokidar/glob-parent": ["glob-parent@5.1.2", "", { "dependencies": { "is-glob": "^4.0.1" } }, ""],

    "fast-glob/glob-parent": ["glob-parent@5.1.2", "", { "dependencies": { "is-glob": "^4.0.1" } }, ""],

    "global-prefix/which": ["which@1.3.1", "", { "dependencies": { "isexe": "^2.0.0" }, "bin": "bin/which" }, ""],

    "gulp-cli/yargs": ["yargs@16.2.0", "", { "dependencies": { "cliui": "^7.0.2", "escalade": "^3.1.1", "get-caller-file": "^2.0.5", "require-directory": "^2.1.1", "string-width": "^4.2.0", "y18n": "^5.0.5", "yargs-parser": "^20.2.2" } }, ""],

    "sver/semver": ["semver@6.3.1", "", { "bin": "bin/semver.js" }, ""],

    "undertaker/fast-levenshtein": ["fast-levenshtein@3.0.0", "", { "dependencies": { "fastest-levenshtein": "^1.0.7" } }, ""],

    "@n8n/tournament/recast/ast-types": ["ast-types@0.15.2", "", { "dependencies": { "tslib": "^2.0.1" } }, ""],

    "@typescript-eslint/typescript-estree/minimatch/brace-expansion": ["brace-expansion@2.0.2", "", { "dependencies": { "balanced-match": "^1.0.0" } }, ""],

    "@typescript-eslint/utils/@typescript-eslint/scope-manager/@typescript-eslint/visitor-keys": ["@typescript-eslint/visitor-keys@6.21.0", "", { "dependencies": { "@typescript-eslint/types": "6.21.0", "eslint-visitor-keys": "^3.4.1" } }, ""],

    "@typescript-eslint/utils/@typescript-eslint/typescript-estree/@typescript-eslint/visitor-keys": ["@typescript-eslint/visitor-keys@6.21.0", "", { "dependencies": { "@typescript-eslint/types": "6.21.0", "eslint-visitor-keys": "^3.4.1" } }, ""],

    "@typescript-eslint/utils/@typescript-eslint/typescript-estree/minimatch": ["minimatch@9.0.3", "", { "dependencies": { "brace-expansion": "^2.0.1" } }, ""],

    "@typescript-eslint/utils/@typescript-eslint/typescript-estree/ts-api-utils": ["ts-api-utils@1.4.3", "", { "peerDependencies": { "typescript": ">=4.2.0" } }, ""],

    "gulp-cli/yargs/cliui": ["cliui@7.0.4", "", { "dependencies": { "string-width": "^4.2.0", "strip-ansi": "^6.0.0", "wrap-ansi": "^7.0.0" } }, ""],

    "gulp-cli/yargs/yargs-parser": ["yargs-parser@20.2.9", "", {}, ""],

    "@typescript-eslint/utils/@typescript-eslint/typescript-estree/minimatch/brace-expansion": ["brace-expansion@2.0.2", "", { "dependencies": { "balanced-match": "^1.0.0" } }, ""],
  }
}
